# This file is automatically @generated by Cargo.
# It is not intended for manual editing.
version = 4

[[package]]
name = "adler2"
version = "2.0.1"
source = "registry+https://github.com/rust-lang/crates.io-index"
checksum = "320119579fcad9c21884f5c4861d16174d0e06250625266f50fe6898340abefa"

[[package]]
name = "anstream"
version = "0.6.21"
source = "registry+https://github.com/rust-lang/crates.io-index"
checksum = "43d5b281e737544384e969a5ccad3f1cdd24b48086a0fc1b2a5262a26b8f4f4a"
dependencies = [
 "anstyle",
 "anstyle-parse",
 "anstyle-query",
 "anstyle-wincon",
 "colorchoice",
 "is_terminal_polyfill",
 "utf8parse",
]

[[package]]
name = "anstyle"
version = "1.0.13"
source = "registry+https://github.com/rust-lang/crates.io-index"
checksum = "5192cca8006f1fd4f7237516f40fa183bb07f8fbdfedaa0036de5ea9b0b45e78"

[[package]]
name = "anstyle-parse"
version = "0.2.7"
source = "registry+https://github.com/rust-lang/crates.io-index"
checksum = "4e7644824f0aa2c7b9384579234ef10eb7efb6a0deb83f9630a49594dd9c15c2"
dependencies = [
 "utf8parse",
]

[[package]]
name = "anstyle-query"
version = "1.1.4"
source = "registry+https://github.com/rust-lang/crates.io-index"
checksum = "9e231f6134f61b71076a3eab506c379d4f36122f2af15a9ff04415ea4c3339e2"
dependencies = [
 "windows-sys",
]

[[package]]
name = "anstyle-wincon"
version = "3.0.10"
source = "registry+https://github.com/rust-lang/crates.io-index"
checksum = "3e0633414522a32ffaac8ac6cc8f748e090c5717661fddeea04219e2344f5f2a"
dependencies = [
 "anstyle",
 "once_cell_polyfill",
 "windows-sys",
]

[[package]]
name = "approx"
version = "0.5.1"
source = "registry+https://github.com/rust-lang/crates.io-index"
checksum = "cab112f0a86d568ea0e627cc1d6be74a1e9cd55214684db5561995f6dad897c6"
dependencies = [
 "num-traits",
]

[[package]]
name = "arrayvec"
version = "0.7.6"
source = "registry+https://github.com/rust-lang/crates.io-index"
checksum = "7c02d123df017efcdfbd739ef81735b36c5ba83ec3c59c80a9d7ecc718f92e50"

[[package]]
name = "autocfg"
version = "1.5.0"
source = "registry+https://github.com/rust-lang/crates.io-index"
checksum = "c08606f8c3cbf4ce6ec8e28fb0014a2c086708fe954eaa885384a6165172e7e8"

[[package]]
name = "bit_field"
version = "0.10.3"
source = "registry+https://github.com/rust-lang/crates.io-index"
checksum = "1e4b40c7323adcfc0a41c4b88143ed58346ff65a288fc144329c5c45e05d70c6"

[[package]]
name = "bitflags"
version = "1.3.2"
source = "registry+https://github.com/rust-lang/crates.io-index"
checksum = "bef38d45163c2f1dde094a7dfd33ccf595c92905c8f8f4fdc18d06fb1037718a"

[[package]]
name = "bytemuck"
version = "1.24.0"
source = "registry+https://github.com/rust-lang/crates.io-index"
checksum = "1fbdf580320f38b612e485521afda1ee26d10cc9884efaaa750d383e13e3c5f4"

[[package]]
name = "byteorder"
version = "1.5.0"
source = "registry+https://github.com/rust-lang/crates.io-index"
checksum = "1fd0f2584146f6f2ef48085050886acf353beff7305ebd1ae69500e27c67f64b"

[[package]]
name = "cfg-if"
version = "1.0.3"
source = "registry+https://github.com/rust-lang/crates.io-index"
checksum = "2fd1289c04a9ea8cb22300a459a72a385d7c73d3259e2ed7dcb2af674838cfa9"

[[package]]
name = "clap"
version = "4.5.48"
source = "registry+https://github.com/rust-lang/crates.io-index"
checksum = "e2134bb3ea021b78629caa971416385309e0131b351b25e01dc16fb54e1b5fae"
dependencies = [
 "clap_builder",
]

[[package]]
name = "clap_builder"
version = "4.5.48"
source = "registry+https://github.com/rust-lang/crates.io-index"
checksum = "c2ba64afa3c0a6df7fa517765e31314e983f51dda798ffba27b988194fb65dc9"
dependencies = [
 "anstream",
 "anstyle",
 "clap_lex",
 "strsim",
]

[[package]]
name = "clap_lex"
version = "0.7.5"
source = "registry+https://github.com/rust-lang/crates.io-index"
checksum = "b94f61472cee1439c0b966b47e3aca9ae07e45d070759512cd390ea2bebc6675"

[[package]]
name = "color_quant"
version = "1.1.0"
source = "registry+https://github.com/rust-lang/crates.io-index"
checksum = "3d7b894f5411737b7867f4827955924d7c254fc9f4d91a6aad6b097804b1018b"

[[package]]
name = "colorchoice"
version = "1.0.4"
source = "registry+https://github.com/rust-lang/crates.io-index"
checksum = "b05b61dc5112cbb17e4b6cd61790d9845d13888356391624cbe7e41efeac1e75"

[[package]]
name = "crc32fast"
version = "1.5.0"
source = "registry+https://github.com/rust-lang/crates.io-index"
checksum = "9481c1c90cbf2ac953f07c8d4a58aa3945c425b7185c9154d67a65e4230da511"
dependencies = [
 "cfg-if",
]

[[package]]
name = "crossbeam-deque"
version = "0.8.6"
source = "registry+https://github.com/rust-lang/crates.io-index"
checksum = "9dd111b7b7f7d55b72c0a6ae361660ee5853c9af73f70c3c2ef6858b950e2e51"
dependencies = [
 "crossbeam-epoch",
 "crossbeam-utils",
]

[[package]]
name = "crossbeam-epoch"
version = "0.9.18"
source = "registry+https://github.com/rust-lang/crates.io-index"
checksum = "5b82ac4a3c2ca9c3460964f020e1402edd5753411d7737aa39c3714ad1b5420e"
dependencies = [
 "crossbeam-utils",
]

[[package]]
name = "crossbeam-utils"
version = "0.8.21"
source = "registry+https://github.com/rust-lang/crates.io-index"
checksum = "d0a5c400df2834b80a4c3327b3aad3a4c4cd4de0629063962b03235697506a28"

[[package]]
name = "crunchy"
version = "0.2.4"
source = "registry+https://github.com/rust-lang/crates.io-index"
checksum = "460fbee9c2c2f33933d720630a6a0bac33ba7053db5344fac858d4b8952d77d5"

[[package]]
name = "either"
version = "1.15.0"
source = "registry+https://github.com/rust-lang/crates.io-index"
checksum = "48c757948c5ede0e46177b7add2e67155f70e33c07fea8284df6576da70b3719"

[[package]]
name = "exr"
version = "1.73.0"
source = "registry+https://github.com/rust-lang/crates.io-index"
checksum = "f83197f59927b46c04a183a619b7c29df34e63e63c7869320862268c0ef687e0"
dependencies = [
 "bit_field",
 "half",
 "lebe",
 "miniz_oxide",
 "rayon-core",
 "smallvec",
 "zune-inflate",
]

[[package]]
name = "fdeflate"
version = "0.3.7"
source = "registry+https://github.com/rust-lang/crates.io-index"
checksum = "1e6853b52649d4ac5c0bd02320cddc5ba956bdb407c4b75a2c6b75bf51500f8c"
dependencies = [
 "simd-adler32",
]

[[package]]
name = "find-crate"
version = "0.6.3"
source = "registry+https://github.com/rust-lang/crates.io-index"
checksum = "59a98bbaacea1c0eb6a0876280051b892eb73594fd90cf3b20e9c817029c57d2"
dependencies = [
 "toml",
]

[[package]]
name = "flate2"
version = "1.1.2"
source = "registry+https://github.com/rust-lang/crates.io-index"
checksum = "4a3d7db9596fecd151c5f638c0ee5d5bd487b6e0ea232e5dc96d5250f6f94b1d"
dependencies = [
 "crc32fast",
 "miniz_oxide",
]

[[package]]
name = "gif"
version = "0.12.0"
source = "registry+https://github.com/rust-lang/crates.io-index"
checksum = "80792593675e051cf94a4b111980da2ba60d4a83e43e0048c5693baab3977045"
dependencies = [
 "color_quant",
 "weezl",
]

[[package]]
name = "gif"
version = "0.13.3"
source = "registry+https://github.com/rust-lang/crates.io-index"
checksum = "4ae047235e33e2829703574b54fdec96bfbad892062d97fed2f76022287de61b"
dependencies = [
 "color_quant",
 "weezl",
]

[[package]]
name = "half"
version = "2.6.0"
source = "registry+https://github.com/rust-lang/crates.io-index"
checksum = "459196ed295495a68f7d7fe1d84f6c4b7ff0e21fe3017b2f283c6fac3ad803c9"
dependencies = [
 "cfg-if",
 "crunchy",
]

[[package]]
name = "image"
version = "0.24.9"
source = "registry+https://github.com/rust-lang/crates.io-index"
checksum = "5690139d2f55868e080017335e4b94cb7414274c74f1669c84fb5feba2c9f69d"
dependencies = [
 "bytemuck",
 "byteorder",
 "color_quant",
 "exr",
 "gif 0.13.3",
 "jpeg-decoder",
 "num-traits",
 "png",
 "qoi",
 "tiff",
]

[[package]]
name = "imagequant"
version = "4.4.1"
source = "registry+https://github.com/rust-lang/crates.io-index"
checksum = "caf5d73b959dfbe5d6b5cd3ca8de5265c7bc58297f20560a60a1d2ba6a19991f"
dependencies = [
 "arrayvec",
 "once_cell",
 "rayon",
 "rgb",
 "thread_local",
]

[[package]]
name = "is_terminal_polyfill"
version = "1.70.1"
source = "registry+https://github.com/rust-lang/crates.io-index"
checksum = "7943c866cc5cd64cbc25b2e01621d07fa8eb2a1a23160ee81ce38704e97b8ecf"

[[package]]
name = "jpeg-decoder"
version = "0.3.2"
source = "registry+https://github.com/rust-lang/crates.io-index"
checksum = "00810f1d8b74be64b13dbf3db89ac67740615d6c891f0e7b6179326533011a07"
dependencies = [
 "rayon",
]

[[package]]
name = "lebe"
version = "0.5.3"
source = "registry+https://github.com/rust-lang/crates.io-index"
checksum = "7a79a3332a6609480d7d0c9eab957bca6b455b91bb84e66d19f5ff66294b85b8"

[[package]]
name = "miniz_oxide"
version = "0.8.9"
source = "registry+https://github.com/rust-lang/crates.io-index"
checksum = "1fa76a2c86f704bdb222d66965fb3d63269ce38518b83cb0575fca855ebb6316"
dependencies = [
 "adler2",
 "simd-adler32",
]

[[package]]
name = "num-traits"
version = "0.2.19"
source = "registry+https://github.com/rust-lang/crates.io-index"
checksum = "071dfc062690e90b734c0b2273ce72ad0ffa95f0c74596bc250dcfd960262841"
dependencies = [
 "autocfg",
]

[[package]]
name = "once_cell"
version = "1.21.3"
source = "registry+https://github.com/rust-lang/crates.io-index"
checksum = "42f5e15c9953c5e4ccceeb2e7382a716482c34515315f7b03532b8b4e8393d2d"

[[package]]
name = "once_cell_polyfill"
version = "1.70.1"
source = "registry+https://github.com/rust-lang/crates.io-index"
checksum = "a4895175b425cb1f87721b59f0f286c2092bd4af812243672510e1ac53e2e0ad"

[[package]]
name = "palette"
version = "0.6.1"
source = "registry+https://github.com/rust-lang/crates.io-index"
checksum = "8f9cd68f7112581033f157e56c77ac4a5538ec5836a2e39284e65bd7d7275e49"
dependencies = [
 "approx",
 "num-traits",
 "palette_derive",
 "phf",
]

[[package]]
name = "palette_derive"
version = "0.6.1"
source = "registry+https://github.com/rust-lang/crates.io-index"
checksum = "05eedf46a8e7c27f74af0c9cfcdb004ceca158cb1b918c6f68f8d7a549b3e427"
dependencies = [
 "find-crate",
 "proc-macro2",
 "quote",
 "syn 1.0.109",
]

[[package]]
name = "phf"
version = "0.11.3"
source = "registry+https://github.com/rust-lang/crates.io-index"
checksum = "1fd6780a80ae0c52cc120a26a1a42c1ae51b247a253e4e06113d23d2c2edd078"
dependencies = [
 "phf_macros",
 "phf_shared",
]

[[package]]
name = "phf_generator"
version = "0.11.3"
source = "registry+https://github.com/rust-lang/crates.io-index"
checksum = "3c80231409c20246a13fddb31776fb942c38553c51e871f8cbd687a4cfb5843d"
dependencies = [
 "phf_shared",
 "rand",
]

[[package]]
name = "phf_macros"
version = "0.11.3"
source = "registry+https://github.com/rust-lang/crates.io-index"
checksum = "f84ac04429c13a7ff43785d75ad27569f2951ce0ffd30a3321230db2fc727216"
dependencies = [
 "phf_generator",
 "phf_shared",
 "proc-macro2",
 "quote",
 "syn 2.0.106",
]

[[package]]
name = "phf_shared"
version = "0.11.3"
source = "registry+https://github.com/rust-lang/crates.io-index"
checksum = "67eabc2ef2a60eb7faa00097bd1ffdb5bd28e62bf39990626a582201b7a754e5"
dependencies = [
 "siphasher",
]

[[package]]
name = "png"
version = "0.17.16"
source = "registry+https://github.com/rust-lang/crates.io-index"
checksum = "82151a2fc869e011c153adc57cf2789ccb8d9906ce52c0b39a6b5697749d7526"
dependencies = [
 "bitflags",
 "crc32fast",
 "fdeflate",
 "flate2",
 "miniz_oxide",
]

[[package]]
name = "proc-macro2"
version = "1.0.101"
source = "registry+https://github.com/rust-lang/crates.io-index"
checksum = "89ae43fd86e4158d6db51ad8e2b80f313af9cc74f5c0e03ccb87de09998732de"
dependencies = [
 "unicode-ident",
]

[[package]]
name = "qoi"
version = "0.4.1"
source = "registry+https://github.com/rust-lang/crates.io-index"
checksum = "7f6d64c71eb498fe9eae14ce4ec935c555749aef511cca85b5568910d6e48001"
dependencies = [
 "bytemuck",
]

[[package]]
name = "quote"
version = "1.0.41"
source = "registry+https://github.com/rust-lang/crates.io-index"
checksum = "ce25767e7b499d1b604768e7cde645d14cc8584231ea6b295e9c9eb22c02e1d1"
dependencies = [
 "proc-macro2",
]

[[package]]
name = "rainbowgif"
version = "0.1.0"
dependencies = [
 "clap",
 "gif 0.12.0",
 "image",
 "imagequant",
 "palette",
]

[[package]]
name = "rand"
version = "0.8.5"
source = "registry+https://github.com/rust-lang/crates.io-index"
checksum = "34af8d1a0e25924bc5b7c43c079c942339d8f0a8b57c39049bef581b46327404"
dependencies = [
 "rand_core",
]

[[package]]
name = "rand_core"
version = "0.6.4"
source = "registry+https://github.com/rust-lang/crates.io-index"
checksum = "ec0be4795e2f6a28069bec0b5ff3e2ac9bafc99e6a9a7dc3547996c5c816922c"

[[package]]
name = "rayon"
version = "1.11.0"
source = "registry+https://github.com/rust-lang/crates.io-index"
checksum = "368f01d005bf8fd9b1206fb6fa653e6c4a81ceb1466406b81792d87c5677a58f"
dependencies = [
 "either",
 "rayon-core",
]

[[package]]
name = "rayon-core"
version = "1.13.0"
source = "registry+https://github.com/rust-lang/crates.io-index"
checksum = "22e18b0f0062d30d4230b2e85ff77fdfe4326feb054b9783a3460d8435c8ab91"
dependencies = [
 "crossbeam-deque",
 "crossbeam-utils",
]

[[package]]
name = "rgb"
version = "0.8.52"
source = "registry+https://github.com/rust-lang/crates.io-index"
checksum = "0c6a884d2998352bb4daf0183589aec883f16a6da1f4dde84d8e2e9a5409a1ce"
dependencies = [
 "bytemuck",
]

[[package]]
name = "serde"
version = "1.0.228"
source = "registry+https://github.com/rust-lang/crates.io-index"
checksum = "9a8e94ea7f378bd32cbbd37198a4a91436180c5bb472411e48b5ec2e2124ae9e"
dependencies = [
 "serde_core",
]

[[package]]
name = "serde_core"
version = "1.0.228"
source = "registry+https://github.com/rust-lang/crates.io-index"
checksum = "41d385c7d4ca58e59fc732af25c3983b67ac852c1a25000afe1175de458b67ad"
dependencies = [
 "serde_derive",
]

[[package]]
name = "serde_derive"
version = "1.0.228"
source = "registry+https://github.com/rust-lang/crates.io-index"
checksum = "d540f220d3187173da220f885ab66608367b6574e925011a9353e4badda91d79"
dependencies = [
 "proc-macro2",
 "quote",
 "syn 2.0.106",
]

[[package]]
name = "simd-adler32"
version = "0.3.7"
source = "registry+https://github.com/rust-lang/crates.io-index"
checksum = "d66dc143e6b11c1eddc06d5c423cfc97062865baf299914ab64caa38182078fe"

[[package]]
name = "siphasher"
version = "1.0.1"
source = "registry+https://github.com/rust-lang/crates.io-index"
checksum = "56199f7ddabf13fe5074ce809e7d3f42b42ae711800501b5b16ea82ad029c39d"

[[package]]
name = "smallvec"
version = "1.15.1"
source = "registry+https://github.com/rust-lang/crates.io-index"
checksum = "67b1b7a3b5fe4f1376887184045fcf45c69e92af734b7aaddc05fb777b6fbd03"

[[package]]
name = "strsim"
version = "0.11.1"
source = "registry+https://github.com/rust-lang/crates.io-index"
checksum = "7da8b5736845d9f2fcb837ea5d9e2628564b3b043a70948a3f0b778838c5fb4f"

[[package]]
name = "syn"
version = "1.0.109"
source = "registry+https://github.com/rust-lang/crates.io-index"
checksum = "72b64191b275b66ffe2469e8af2c1cfe3bafa67b529ead792a6d0160888b4237"
dependencies = [
 "proc-macro2",
 "quote",
 "unicode-ident",
]

[[package]]
name = "syn"
version = "2.0.106"
source = "registry+https://github.com/rust-lang/crates.io-index"
checksum = "ede7c438028d4436d71104916910f5bb611972c5cfd7f89b8300a8186e6fada6"
dependencies = [
 "proc-macro2",
 "quote",
 "unicode-ident",
]

[[package]]
name = "thread_local"
version = "1.1.9"
source = "registry+https://github.com/rust-lang/crates.io-index"
checksum = "f60246a4944f24f6e018aa17cdeffb7818b76356965d03b07d6a9886e8962185"
dependencies = [
 "cfg-if",
]

[[package]]
name = "tiff"
version = "0.9.1"
source = "registry+https://github.com/rust-lang/crates.io-index"
checksum = "ba1310fcea54c6a9a4fd1aad794ecc02c31682f6bfbecdf460bf19533eed1e3e"
dependencies = [
 "flate2",
 "jpeg-decoder",
 "weezl",
]

[[package]]
name = "toml"
version = "0.5.11"
source = "registry+https://github.com/rust-lang/crates.io-index"
checksum = "f4f7f0dd8d50a853a531c426359045b1998f04219d88799810762cd4ad314234"
dependencies = [
 "serde",
]

[[package]]
name = "unicode-ident"
version = "1.0.19"
source = "registry+https://github.com/rust-lang/crates.io-index"
checksum = "f63a545481291138910575129486daeaf8ac54aee4387fe7906919f7830c7d9d"

[[package]]
name = "utf8parse"
version = "0.2.2"
source = "registry+https://github.com/rust-lang/crates.io-index"
checksum = "06abde3611657adf66d383f00b093d7faecc7fa57071cce2578660c9f1010821"

[[package]]
name = "weezl"
version = "0.1.10"
source = "registry+https://github.com/rust-lang/crates.io-index"
checksum = "a751b3277700db47d3e574514de2eced5e54dc8a5436a3bf7a0b248b2cee16f3"

[[package]]
name = "windows-link"
version = "0.2.0"
source = "registry+https://github.com/rust-lang/crates.io-index"
checksum = "45e46c0661abb7180e7b9c281db115305d49ca1709ab8242adf09666d2173c65"

[[package]]
name = "windows-sys"
version = "0.60.2"
source = "registry+https://github.com/rust-lang/crates.io-index"
checksum = "f2f500e4d28234f72040990ec9d39e3a6b950f9f22d3dba18416c35882612bcb"
dependencies = [
 "windows-targets",
]

[[package]]
name = "windows-targets"
version = "0.53.4"
source = "registry+https://github.com/rust-lang/crates.io-index"
checksum = "2d42b7b7f66d2a06854650af09cfdf8713e427a439c97ad65a6375318033ac4b"
dependencies = [
 "windows-link",
 "windows_aarch64_gnullvm",
 "windows_aarch64_msvc",
 "windows_i686_gnu",
 "windows_i686_gnullvm",
 "windows_i686_msvc",
 "windows_x86_64_gnu",
 "windows_x86_64_gnullvm",
 "windows_x86_64_msvc",
]

[[package]]
name = "windows_aarch64_gnullvm"
version = "0.53.0"
source = "registry+https://github.com/rust-lang/crates.io-index"
checksum = "86b8d5f90ddd19cb4a147a5fa63ca848db3df085e25fee3cc10b39b6eebae764"

[[package]]
name = "windows_aarch64_msvc"
version = "0.53.0"
source = "registry+https://github.com/rust-lang/crates.io-index"
checksum = "c7651a1f62a11b8cbd5e0d42526e55f2c99886c77e007179efff86c2b137e66c"

[[package]]
name = "windows_i686_gnu"
version = "0.53.0"
source = "registry+https://github.com/rust-lang/crates.io-index"
checksum = "c1dc67659d35f387f5f6c479dc4e28f1d4bb90ddd1a5d3da2e5d97b42d6272c3"

[[package]]
name = "windows_i686_gnullvm"
version = "0.53.0"
source = "registry+https://github.com/rust-lang/crates.io-index"
checksum = "9ce6ccbdedbf6d6354471319e781c0dfef054c81fbc7cf83f338a4296c0cae11"

[[package]]
name = "windows_i686_msvc"
version = "0.53.0"
source = "registry+https://github.com/rust-lang/crates.io-index"
checksum = "581fee95406bb13382d2f65cd4a908ca7b1e4c2f1917f143ba16efe98a589b5d"

[[package]]
name = "windows_x86_64_gnu"
version = "0.53.0"
source = "registry+https://github.com/rust-lang/crates.io-index"
checksum = "2e55b5ac9ea33f2fc1716d1742db15574fd6fc8dadc51caab1c16a3d3b4190ba"

[[package]]
name = "windows_x86_64_gnullvm"
version = "0.53.0"
source = "registry+https://github.com/rust-lang/crates.io-index"
checksum = "0a6e035dd0599267ce1ee132e51c27dd29437f63325753051e71dd9e42406c57"

[[package]]
name = "windows_x86_64_msvc"
version = "0.53.0"
source = "registry+https://github.com/rust-lang/crates.io-index"
checksum = "271414315aff87387382ec3d271b52d7ae78726f5d44ac98b4f4030c91880486"

[[package]]
name = "zune-inflate"
version = "0.2.54"
source = "registry+https://github.com/rust-lang/crates.io-index"
checksum = "73ab332fe2f6680068f3582b16a24f90ad7096d5d39b974d1c0aff0125116f02"
dependencies = [
 "simd-adler32",
]
