github.com/dhconnelly/rtreego v1.0.0 h1:1+V1STGw+zwx7jpvH/fwbeC5w5gZfn+XinARU45oRek=
github.com/dhconnelly/rtreego v1.0.0/go.mod h1:SDozu0Fjy17XH1svEXJgdYq8Tah6Zjfa/4Q33Z80+KM=
github.com/lucasb-eyer/go-colorful v1.0.3 h1:QIbQXiugsb+q10B+MI+7DI1oQLdmnep86tWFlaaUAac=
github.com/lucasb-eyer/go-colorful v1.0.3/go.mod h1:R4dSotOR9KMtayYi1e77YzuveK+i7ruzyGqttikkLy0=
